
Microsoft Visual Studio Solution File, Format Version 12.00
# Visual Studio Version 17
VisualStudioVersion = 17.1.32328.378
MinimumVisualStudioVersion = 10.0.40219.1
Project("{FAE04EC0-301F-11D3-BF4B-00C04F79EFBC}") = "Planilla_UCR", "Planilla_UCR\Planilla_UCR.csproj", "{90755B24-364C-44A6-AD59-DB1FBCB650E8}"
EndProject
Global
	GlobalSection(SolutionConfigurationPlatforms) = preSolution
		Debug|Any CPU = Debug|Any CPU
		Release|Any CPU = Release|Any CPU
	EndGlobalSection
	GlobalSection(ProjectConfigurationPlatforms) = postSolution
		{90755B24-364C-44A6-AD59-DB1FBCB650E8}.Debug|Any CPU.ActiveCfg = Debug|Any CPU
		{90755B24-364C-44A6-AD59-DB1FBCB650E8}.Debug|Any CPU.Build.0 = Debug|Any CPU
		{90755B24-364C-44A6-AD59-DB1FBCB650E8}.Release|Any CPU.ActiveCfg = Release|Any CPU
		{90755B24-364C-44A6-AD59-DB1FBCB650E8}.Release|Any CPU.Build.0 = Release|Any CPU
	EndGlobalSection
	GlobalSection(SolutionProperties) = preSolution
		HideSolutionNode = FALSE
	EndGlobalSection
	GlobalSection(ExtensibilityGlobals) = postSolution
		SolutionGuid = {AB869B54-3950-4BE8-8DED-33B4D5B3A3E1}
	EndGlobalSection
EndGlobal
